
Microsoft Visual Studio Solution File, Format Version 12.00
# Visual Studio Version 17
VisualStudioVersion = 17.3.32819.101
MinimumVisualStudioVersion = 10.0.40219.1
Project("{9A19103F-16F7-4668-BE54-9A1E7A4F7556}") = "FileWorkflow.Library", "FileWorkflow.Library\FileWorkflow.Library.csproj", "{B82F803C-A9B3-4A73-ADE3-60FEC9827D2A}"
EndProject
Project("{FAE04EC0-301F-11D3-BF4B-00C04F79EFBC}") = "FileWorkflow.Console", "FileWorkflow.Console\FileWorkflow.Console.csproj", "{4084081A-37DD-42D0-9E10-D2E63B625C74}"
EndProject
Global
	GlobalSection(SolutionConfigurationPlatforms) = preSolution
		Debug|Any CPU = Debug|Any CPU
		Release|Any CPU = Release|Any CPU
	EndGlobalSection
	GlobalSection(ProjectConfigurationPlatforms) = postSolution
		{B82F803C-A9B3-4A73-ADE3-60FEC9827D2A}.Debug|Any CPU.ActiveCfg = Debug|Any CPU
		{B82F803C-A9B3-4A73-ADE3-60FEC9827D2A}.Debug|Any CPU.Build.0 = Debug|Any CPU
		{B82F803C-A9B3-4A73-ADE3-60FEC9827D2A}.Release|Any CPU.ActiveCfg = Release|Any CPU
		{B82F803C-A9B3-4A73-ADE3-60FEC9827D2A}.Release|Any CPU.Build.0 = Release|Any CPU
		{4084081A-37DD-42D0-9E10-D2E63B625C74}.Debug|Any CPU.ActiveCfg = Debug|Any CPU
		{4084081A-37DD-42D0-9E10-D2E63B625C74}.Debug|Any CPU.Build.0 = Debug|Any CPU
		{4084081A-37DD-42D0-9E10-D2E63B625C74}.Release|Any CPU.ActiveCfg = Release|Any CPU
		{4084081A-37DD-42D0-9E10-D2E63B625C74}.Release|Any CPU.Build.0 = Release|Any CPU
	EndGlobalSection
	GlobalSection(SolutionProperties) = preSolution
		HideSolutionNode = FALSE
	EndGlobalSection
	GlobalSection(ExtensibilityGlobals) = postSolution
		SolutionGuid = {B3D7953B-DD55-4CE0-BBCD-5D65A5E7E633}
	EndGlobalSection
EndGlobal
